
Microsoft Visual Studio Solution File, Format Version 12.00
# Visual Studio Version 17
VisualStudioVersion = 17.7.34024.191
MinimumVisualStudioVersion = 10.0.40219.1
Project("{FAE04EC0-301F-11D3-BF4B-00C04F79EFBC}") = "bot", "bot.csproj", "{6BFE8737-8E02-4AC3-82E3-CF783F05811E}"
EndProject
Global
	GlobalSection(SolutionConfigurationPlatforms) = preSolution
		Debug|Any CPU = Debug|Any CPU
		Release|Any CPU = Release|Any CPU
	EndGlobalSection
	GlobalSection(ProjectConfigurationPlatforms) = postSolution
		{6BFE8737-8E02-4AC3-82E3-CF783F05811E}.Debug|Any CPU.ActiveCfg = Debug|Any CPU
		{6BFE8737-8E02-4AC3-82E3-CF783F05811E}.Debug|Any CPU.Build.0 = Debug|Any CPU
		{6BFE8737-8E02-4AC3-82E3-CF783F05811E}.Release|Any CPU.ActiveCfg = Release|Any CPU
		{6BFE8737-8E02-4AC3-82E3-CF783F05811E}.Release|Any CPU.Build.0 = Release|Any CPU
	EndGlobalSection
	GlobalSection(SolutionProperties) = preSolution
		HideSolutionNode = FALSE
	EndGlobalSection
	GlobalSection(ExtensibilityGlobals) = postSolution
		SolutionGuid = {995372A0-85AB-4699-9850-1EA7F43AB1DC}
	EndGlobalSection
EndGlobal
